
Microsoft Visual Studio Solution File, Format Version 12.00
# Visual Studio Version 16
VisualStudioVersion = 16.0.29613.14
MinimumVisualStudioVersion = 10.0.40219.1
Project("{FAE04EC0-301F-11D3-BF4B-00C04F79EFBC}") = "ReporteJuan", "ReporteJuan\ReporteJuan.csproj", "{2F2F9A76-EE30-407C-851F-366413C42FF9}"
EndProject
Global
	GlobalSection(SolutionConfigurationPlatforms) = preSolution
		Debug|Any CPU = Debug|Any CPU
		Release|Any CPU = Release|Any CPU
	EndGlobalSection
	GlobalSection(ProjectConfigurationPlatforms) = postSolution
		{2F2F9A76-EE30-407C-851F-366413C42FF9}.Debug|Any CPU.ActiveCfg = Debug|Any CPU
		{2F2F9A76-EE30-407C-851F-366413C42FF9}.Debug|Any CPU.Build.0 = Debug|Any CPU
		{2F2F9A76-EE30-407C-851F-366413C42FF9}.Release|Any CPU.ActiveCfg = Release|Any CPU
		{2F2F9A76-EE30-407C-851F-366413C42FF9}.Release|Any CPU.Build.0 = Release|Any CPU
	EndGlobalSection
	GlobalSection(SolutionProperties) = preSolution
		HideSolutionNode = FALSE
	EndGlobalSection
	GlobalSection(ExtensibilityGlobals) = postSolution
		SolutionGuid = {35AC3BDB-A35A-4A69-9FBF-2CE7797A35C3}
	EndGlobalSection
EndGlobal
